
Microsoft Visual Studio Solution File, Format Version 12.00
Project("{FAE04EC0-301F-11D3-BF4B-00C04F79EFBC}") = "APBD_07", "APBD_07\APBD_07.csproj", "{C6CCC1A0-60AD-4538-A8BD-A1AF5536570C}"
EndProject
Global
	GlobalSection(SolutionConfigurationPlatforms) = preSolution
		Debug|Any CPU = Debug|Any CPU
		Release|Any CPU = Release|Any CPU
	EndGlobalSection
	GlobalSection(ProjectConfigurationPlatforms) = postSolution
		{C6CCC1A0-60AD-4538-A8BD-A1AF5536570C}.Debug|Any CPU.ActiveCfg = Debug|Any CPU
		{C6CCC1A0-60AD-4538-A8BD-A1AF5536570C}.Debug|Any CPU.Build.0 = Debug|Any CPU
		{C6CCC1A0-60AD-4538-A8BD-A1AF5536570C}.Release|Any CPU.ActiveCfg = Release|Any CPU
		{C6CCC1A0-60AD-4538-A8BD-A1AF5536570C}.Release|Any CPU.Build.0 = Release|Any CPU
	EndGlobalSection
EndGlobal
